// !$*UTF8*$!
{
	archiveVersion = 1;
	classes = {
	};
	objectVersion = 46;
	objects = {

/* Begin PBXBuildFile section */
		2A056B7A1EEA40E20074426E /* BangView.m in Sources */ = {isa = PBXBuildFile; fileRef = 2A056B791EEA40E20074426E /* BangView.m */; };
		2A056B7D1EEA48E40074426E /* GoodButton.m in Sources */ = {isa = PBXBuildFile; fileRef = 2A056B7C1EEA48E40074426E /* GoodButton.m */; };
		2A55626F1EEA39C300703B96 /* main.m in Sources */ = {isa = PBXBuildFile; fileRef = 2A55626E1EEA39C300703B96 /* main.m */; };
		2A5562721EEA39C300703B96 /* AppDelegate.m in Sources */ = {isa = PBXBuildFile; fileRef = 2A5562711EEA39C300703B96 /* AppDelegate.m */; };
		2A5562751EEA39C300703B96 /* ViewController.m in Sources */ = {isa = PBXBuildFile; fileRef = 2A5562741EEA39C300703B96 /* ViewController.m */; };
		2A5562781EEA39C300703B96 /* Main.storyboard in Resources */ = {isa = PBXBuildFile; fileRef = 2A5562761EEA39C300703B96 /* Main.storyboard */; };
		2A55627A1EEA39C300703B96 /* Assets.xcassets in Resources */ = {isa = PBXBuildFile; fileRef = 2A5562791EEA39C300703B96 /* Assets.xcassets */; };
		2A55627D1EEA39C300703B96 /* LaunchScreen.storyboard in Resources */ = {isa = PBXBuildFile; fileRef = 2A55627B1EEA39C300703B96 /* LaunchScreen.storyboard */; };
/* End PBXBuildFile section */

/* Begin PBXFileReference section */
		2A056B781EEA40E20074426E /* BangView.h */ = {isa = PBXFileReference; fileEncoding = 4; lastKnownFileType = sourcecode.c.h; path = BangView.h; sourceTree = "<group>"; };
		2A056B791EEA40E20074426E /* BangView.m */ = {isa = PBXFileReference; fileEncoding = 4; lastKnownFileType = sourcecode.c.objc; path = BangView.m; sourceTree = "<group>"; };
		2A056B7B1EEA48E40074426E /* GoodButton.h */ = {isa = PBXFileReference; fileEncoding = 4; lastKnownFileType = sourcecode.c.h; path = GoodButton.h; sourceTree = "<group>"; };
		2A056B7C1EEA48E40074426E /* GoodButton.m */ = {isa = PBXFileReference; fileEncoding = 4; lastKnownFileType = sourcecode.c.objc; path = GoodButton.m; sourceTree = "<group>"; };
		2A55626A1EEA39C300703B96 /* Animation.app */ = {isa = PBXFileReference; explicitFileType = wrapper.application; includeInIndex = 0; path = Animation.app; sourceTree = BUILT_PRODUCTS_DIR; };
		2A55626E1EEA39C300703B96 /* main.m */ = {isa = PBXFileReference; lastKnownFileType = sourcecode.c.objc; path = main.m; sourceTree = "<group>"; };
		2A5562701EEA39C300703B96 /* AppDelegate.h */ = {isa = PBXFileReference; lastKnownFileType = sourcecode.c.h; path = AppDelegate.h; sourceTree = "<group>"; };
		2A5562711EEA39C300703B96 /* AppDelegate.m */ = {isa = PBXFileReference; lastKnownFileType = sourcecode.c.objc; path = AppDelegate.m; sourceTree = "<group>"; };
		2A5562731EEA39C300703B96 /* ViewController.h */ = {isa = PBXFileReference; lastKnownFileType = sourcecode.c.h; path = ViewController.h; sourceTree = "<group>"; };
		2A5562741EEA39C300703B96 /* ViewController.m */ = {isa = PBXFileReference; lastKnownFileType = sourcecode.c.objc; path = ViewController.m; sourceTree = "<group>"; };
		2A5562771EEA39C300703B96 /* Base */ = {isa = PBXFileReference; lastKnownFileType = file.storyboard; name = Base; path = Base.lproj/Main.storyboard; sourceTree = "<group>"; };
		2A5562791EEA39C300703B96 /* Assets.xcassets */ = {isa = PBXFileReference; lastKnownFileType = folder.assetcatalog; path = Assets.xcassets; sourceTree = "<group>"; };
		2A55627C1EEA39C300703B96 /* Base */ = {isa = PBXFileReference; lastKnownFileType = file.storyboard; name = Base; path = Base.lproj/LaunchScreen.storyboard; sourceTree = "<group>"; };
		2A55627E1EEA39C300703B96 /* Info.plist */ = {isa = PBXFileReference; lastKnownFileType = text.plist.xml; path = Info.plist; sourceTree = "<group>"; };
/* End PBXFileReference section */

/* Begin PBXFrameworksBuildPhase section */
		2A5562671EEA39C300703B96 /* Frameworks */ = {
			isa = PBXFrameworksBuildPhase;
			buildActionMask = 2147483647;
			files = (
			);
			runOnlyForDeploymentPostprocessing = 0;
		};
/* End PBXFrameworksBuildPhase section */

/* Begin PBXGroup section */
		2A5562611EEA39C300703B96 = {
			isa = PBXGroup;
			children = (
				2A55626C1EEA39C300703B96 /* Animation */,
				2A55626B1EEA39C300703B96 /* Products */,
			);
			sourceTree = "<group>";
		};
		2A55626B1EEA39C300703B96 /* Products */ = {
			isa = PBXGroup;
			children = (
				2A55626A1EEA39C300703B96 /* Animation.app */,
			);
			name = Products;
			sourceTree = "<group>";
		};
		2A55626C1EEA39C300703B96 /* Animation */ = {
			isa = PBXGroup;
			children = (
				2A056B781EEA40E20074426E /* BangView.h */,
				2A056B791EEA40E20074426E /* BangView.m */,
				2A056B7B1EEA48E40074426E /* GoodButton.h */,
				2A056B7C1EEA48E40074426E /* GoodButton.m */,
				2A5562701EEA39C300703B96 /* AppDelegate.h */,
				2A5562711EEA39C300703B96 /* AppDelegate.m */,
				2A5562731EEA39C300703B96 /* ViewController.h */,
				2A5562741EEA39C300703B96 /* ViewController.m */,
				2A5562761EEA39C300703B96 /* Main.storyboard */,
				2A5562791EEA39C300703B96 /* Assets.xcassets */,
				2A55627B1EEA39C300703B96 /* LaunchScreen.storyboard */,
				2A55627E1EEA39C300703B96 /* Info.plist */,
				2A55626D1EEA39C300703B96 /* Supporting Files */,
			);
			path = Animation;
			sourceTree = "<group>";
		};
		2A55626D1EEA39C300703B96 /* Supporting Files */ = {
			isa = PBXGroup;
			children = (
				2A55626E1EEA39C300703B96 /* main.m */,
			);
			name = "Supporting Files";
			sourceTree = "<group>";
		};
/* End PBXGroup section */

/* Begin PBXNativeTarget section */
		2A5562691EEA39C300703B96 /* Animation */ = {
			isa = PBXNativeTarget;
			buildConfigurationList = 2A5562811EEA39C300703B96 /* Build configuration list for PBXNativeTarget "Animation" */;
			buildPhases = (
				2A5562661EEA39C300703B96 /* Sources */,
				2A5562671EEA39C300703B96 /* Frameworks */,
				2A5562681EEA39C300703B96 /* Resources */,
			);
			buildRules = (
			);
			dependencies = (
			);
			name = Animation;
			productName = Animation;
			productReference = 2A55626A1EEA39C300703B96 /* Animation.app */;
			productType = "com.apple.product-type.application";
		};
/* End PBXNativeTarget section */

/* Begin PBXProject section */
		2A5562621EEA39C300703B96 /* Project object */ = {
			isa = PBXProject;
			attributes = {
				LastUpgradeCheck = 0820;
				ORGANIZATIONNAME = LeoTai;
				TargetAttributes = {
					2A5562691EEA39C300703B96 = {
						CreatedOnToolsVersion = 8.2.1;
						DevelopmentTeam = 4XQRJRP48E;
						ProvisioningStyle = Automatic;
					};
				};
			};
			buildConfigurationList = 2A5562651EEA39C300703B96 /* Build configuration list for PBXProject "Animation" */;
			compatibilityVersion = "Xcode 3.2";
			developmentRegion = English;
			hasScannedForEncodings = 0;
			knownRegions = (
				en,
				Base,
			);
			mainGroup = 2A5562611EEA39C300703B96;
			productRefGroup = 2A55626B1EEA39C300703B96 /* Products */;
			projectDirPath = "";
			projectRoot = "";
			targets = (
				2A5562691EEA39C300703B96 /* Animation */,
			);
		};
/* End PBXProject section */

/* Begin PBXResourcesBuildPhase section */
		2A5562681EEA39C300703B96 /* Resources */ = {
			isa = PBXResourcesBuildPhase;
			buildActionMask = 2147483647;
			files = (
				2A55627D1EEA39C300703B96 /* LaunchScreen.storyboard in Resources */,
				2A55627A1EEA39C300703B96 /* Assets.xcassets in Resources */,
				2A5562781EEA39C300703B96 /* Main.storyboard in Resources */,
			);
			runOnlyForDeploymentPostprocessing = 0;
		};
/* End PBXResourcesBuildPhase section */

/* Begin PBXSourcesBuildPhase section */
		2A5562661EEA39C300703B96 /* Sources */ = {
			isa = PBXSourcesBuildPhase;
			buildActionMask = 2147483647;
			files = (
				2A056B7A1EEA40E20074426E /* BangView.m in Sources */,
				2A5562751EEA39C300703B96 /* ViewController.m in Sources */,
				2A056B7D1EEA48E40074426E /* GoodButton.m in Sources */,
				2A5562721EEA39C300703B96 /* AppDelegate.m in Sources */,
				2A55626F1EEA39C300703B96 /* main.m in Sources */,
			);
			runOnlyForDeploymentPostprocessing = 0;
		};
/* End PBXSourcesBuildPhase section */

/* Begin PBXVariantGroup section */
		2A5562761EEA39C300703B96 /* Main.storyboard */ = {
			isa = PBXVariantGroup;
			children = (
				2A5562771EEA39C300703B96 /* Base */,
			);
			name = Main.storyboard;
			sourceTree = "<group>";
		};
		2A55627B1EEA39C300703B96 /* LaunchScreen.storyboard */ = {
			isa = PBXVariantGroup;
			children = (
				2A55627C1EEA39C300703B96 /* Base */,
			);
			name = LaunchScreen.storyboard;
			sourceTree = "<group>";
		};
/* End PBXVariantGroup section */

/* Begin XCBuildConfiguration section */
		2A55627F1EEA39C300703B96 /* Debug */ = {
			isa = XCBuildConfiguration;
			buildSettings = {
				ALWAYS_SEARCH_USER_PATHS = NO;
				CLANG_ANALYZER_NONNULL = YES;
				CLANG_CXX_LANGUAGE_STANDARD = "gnu++0x";
				CLANG_CXX_LIBRARY = "libc++";
				CLANG_ENABLE_MODULES = YES;
				CLANG_ENABLE_OBJC_ARC = YES;
				CLANG_WARN_BOOL_CONVERSION = YES;
				CLANG_WARN_CONSTANT_CONVERSION = YES;
				CLANG_WARN_DIRECT_OBJC_ISA_USAGE = YES_ERROR;
				CLANG_WARN_DOCUMENTATION_COMMENTS = YES;
				CLANG_WARN_EMPTY_BODY = YES;
				CLANG_WARN_ENUM_CONVERSION = YES;
				CLANG_WARN_INFINITE_RECURSION = YES;
				CLANG_WARN_INT_CONVERSION = YES;
				CLANG_WARN_OBJC_ROOT_CLASS = YES_ERROR;
				CLANG_WARN_SUSPICIOUS_MOVE = YES;
				CLANG_WARN_UNREACHABLE_CODE = YES;
				CLANG_WARN__DUPLICATE_METHOD_MATCH = YES;
				"CODE_SIGN_IDENTITY[sdk=iphoneos*]" = "iPhone Developer";
				COPY_PHASE_STRIP = NO;
				DEBUG_INFORMATION_FORMAT = dwarf;
				ENABLE_STRICT_OBJC_MSGSEND = YES;
				ENABLE_TESTABILITY = YES;
				GCC_C_LANGUAGE_STANDARD = gnu99;
				GCC_DYNAMIC_NO_PIC = NO;
				GCC_NO_COMMON_BLOCKS = YES;
				GCC_OPTIMIZATION_LEVEL = 0;
				GCC_PREPROCESSOR_DEFINITIONS = (
					"DEBUG=1",
					"$(inherited)",
				);
				GCC_WARN_64_TO_32_BIT_CONVERSION = YES;
				GCC_WARN_ABOUT_RETURN_TYPE = YES_ERROR;
				GCC_WARN_UNDECLARED_SELECTOR = YES;
				GCC_WARN_UNINITIALIZED_AUTOS = YES_AGGRESSIVE;
				GCC_WARN_UNUSED_FUNCTION = YES;
				GCC_WARN_UNUSED_VARIABLE = YES;
				IPHONEOS_DEPLOYMENT_TARGET = 10.2;
				MTL_ENABLE_DEBUG_INFO = YES;
				ONLY_ACTIVE_ARCH = YES;
				SDKROOT = iphoneos;
				TARGETED_DEVICE_FAMILY = "1,2";
			};
			name = Debug;
		};
		2A5562801EEA39C300703B96 /* Release */ = {
			isa = XCBuildConfiguration;
			buildSettings = {
				ALWAYS_SEARCH_USER_PATHS = NO;
				CLANG_ANALYZER_NONNULL = YES;
				CLANG_CXX_LANGUAGE_STANDARD = "gnu++0x";
				CLANG_CXX_LIBRARY = "libc++";
				CLANG_ENABLE_MODULES = YES;
				CLANG_ENABLE_OBJC_ARC = YES;
				CLANG_WARN_BOOL_CONVERSION = YES;
				CLANG_WARN_CONSTANT_CONVERSION = YES;
				CLANG_WARN_DIRECT_OBJC_ISA_USAGE = YES_ERROR;
				CLANG_WARN_DOCUMENTATION_COMMENTS = YES;
				CLANG_WARN_EMPTY_BODY = YES;
				CLANG_WARN_ENUM_CONVERSION = YES;
				CLANG_WARN_INFINITE_RECURSION = YES;
				CLANG_WARN_INT_CONVERSION = YES;
				CLANG_WARN_OBJC_ROOT_CLASS = YES_ERROR;
				CLANG_WARN_SUSPICIOUS_MOVE = YES;
				CLANG_WARN_UNREACHABLE_CODE = YES;
				CLANG_WARN__DUPLICATE_METHOD_MATCH = YES;
				"CODE_SIGN_IDENTITY[sdk=iphoneos*]" = "iPhone Developer";
				COPY_PHASE_STRIP = NO;
				DEBUG_INFORMATION_FORMAT = "dwarf-with-dsym";
				ENABLE_NS_ASSERTIONS = NO;
				ENABLE_STRICT_OBJC_MSGSEND = YES;
				GCC_C_LANGUAGE_STANDARD = gnu99;
				GCC_NO_COMMON_BLOCKS = YES;
				GCC_WARN_64_TO_32_BIT_CONVERSION = YES;
				GCC_WARN_ABOUT_RETURN_TYPE = YES_ERROR;
				GCC_WARN_UNDECLARED_SELECTOR = YES;
				GCC_WARN_UNINITIALIZED_AUTOS = YES_AGGRESSIVE;
				GCC_WARN_UNUSED_FUNCTION = YES;
				GCC_WARN_UNUSED_VARIABLE = YES;
				IPHONEOS_DEPLOYMENT_TARGET = 10.2;
				MTL_ENABLE_DEBUG_INFO = NO;
				SDKROOT = iphoneos;
				TARGETED_DEVICE_FAMILY = "1,2";
				VALIDATE_PRODUCT = YES;
			};
			name = Release;
		};
		2A5562821EEA39C300703B96 /* Debug */ = {
			isa = XCBuildConfiguration;
			buildSettings = {
				ASSETCATALOG_COMPILER_APPICON_NAME = AppIcon;
				DEVELOPMENT_TEAM = 4XQRJRP48E;
				INFOPLIST_FILE = Animation/Info.plist;
				IPHONEOS_DEPLOYMENT_TARGET = 8.0;
				LD_RUNPATH_SEARCH_PATHS = "$(inherited) @executable_path/Frameworks";
				PRODUCT_BUNDLE_IDENTIFIER = LeoTai.Animation;
				PRODUCT_NAME = "$(TARGET_NAME)";
			};
			name = Debug;
		};
		2A5562831EEA39C300703B96 /* Release */ = {
			isa = XCBuildConfiguration;
			buildSettings = {
				ASSETCATALOG_COMPILER_APPICON_NAME = AppIcon;
				DEVELOPMENT_TEAM = 4XQRJRP48E;
				INFOPLIST_FILE = Animation/Info.plist;
				IPHONEOS_DEPLOYMENT_TARGET = 8.0;
				LD_RUNPATH_SEARCH_PATHS = "$(inherited) @executable_path/Frameworks";
				PRODUCT_BUNDLE_IDENTIFIER = LeoTai.Animation;
				PRODUCT_NAME = "$(TARGET_NAME)";
			};
			name = Release;
		};
/* End XCBuildConfiguration section */

/* Begin XCConfigurationList section */
		2A5562651EEA39C300703B96 /* Build configuration list for PBXProject "Animation" */ = {
			isa = XCConfigurationList;
			buildConfigurations = (
				2A55627F1EEA39C300703B96 /* Debug */,
				2A5562801EEA39C300703B96 /* Release */,
			);
			defaultConfigurationIsVisible = 0;
			defaultConfigurationName = Release;
		};
		2A5562811EEA39C300703B96 /* Build configuration list for PBXNativeTarget "Animation" */ = {
			isa = XCConfigurationList;
			buildConfigurations = (
				2A5562821EEA39C300703B96 /* Debug */,
				2A5562831EEA39C300703B96 /* Release */,
			);
			defaultConfigurationIsVisible = 0;
			defaultConfigurationName = Release;
		};
/* End XCConfigurationList section */
	};
	rootObject = 2A5562621EEA39C300703B96 /* Project object */;
}
